
Microsoft Visual Studio Solution File, Format Version 12.00
# Visual Studio 2012
Project("{8BC9CEB8-8B4A-11D0-8D11-00A0C91BC942}") = "heimbrau_kernel", "heimbrau_kernel\heimbrau_kernel.vcxproj", "{3BA5617B-5955-4223-B9BA-5DD0481A1DEF}"
	ProjectSection(ProjectDependencies) = postProject
		{09591E1A-7172-6F0C-608E-0D7909442408} = {09591E1A-7172-6F0C-608E-0D7909442408}
		{152C1AD1-4D94-4730-964A-F38A5A516801} = {152C1AD1-4D94-4730-964A-F38A5A516801}
		{DD91D495-B38D-4967-87A5-844A1BBF648E} = {DD91D495-B38D-4967-87A5-844A1BBF648E}
	EndProjectSection
EndProject
Project("{8BC9CEB8-8B4A-11D0-8D11-00A0C91BC942}") = "heimbrau_loader", "heimbrau_loader\heimbrau_loader.vcxproj", "{6EF0150D-44A9-44D8-9DE7-16D31946CD89}"
	ProjectSection(ProjectDependencies) = postProject
		{09591E1A-7172-6F0C-608E-0D7909442408} = {09591E1A-7172-6F0C-608E-0D7909442408}
		{3BA5617B-5955-4223-B9BA-5DD0481A1DEF} = {3BA5617B-5955-4223-B9BA-5DD0481A1DEF}
		{802ACFDC-E684-4256-A4D4-E36C16F29CF3} = {802ACFDC-E684-4256-A4D4-E36C16F29CF3}
		{DD91D495-B38D-4967-87A5-844A1BBF648E} = {DD91D495-B38D-4967-87A5-844A1BBF648E}
		{F6861093-DD11-35D6-1056-900EAE285AF9} = {F6861093-DD11-35D6-1056-900EAE285AF9}
	EndProjectSection
EndProject
Project("{8BC9CEB8-8B4A-11D0-8D11-00A0C91BC942}") = "heimbrau_rebase", "heimbrau_rebase\heimbrau_rebase.vcxproj", "{802ACFDC-E684-4256-A4D4-E36C16F29CF3}"
	ProjectSection(ProjectDependencies) = postProject
		{09591E1A-7172-6F0C-608E-0D7909442408} = {09591E1A-7172-6F0C-608E-0D7909442408}
	EndProjectSection
EndProject
Project("{8BC9CEB8-8B4A-11D0-8D11-00A0C91BC942}") = "heimbrau_asm", "heimbrau_asm\heimbrau_asm.vcxproj", "{DD91D495-B38D-4967-87A5-844A1BBF648E}"
	ProjectSection(ProjectDependencies) = postProject
		{09591E1A-7172-6F0C-608E-0D7909442408} = {09591E1A-7172-6F0C-608E-0D7909442408}
	EndProjectSection
EndProject
Project("{8BC9CEB8-8B4A-11D0-8D11-00A0C91BC942}") = "heimbrau_kdf", "heimbrau_kdf\heimbrau_kdf.vcxproj", "{152C1AD1-4D94-4730-964A-F38A5A516801}"
	ProjectSection(ProjectDependencies) = postProject
		{09591E1A-7172-6F0C-608E-0D7909442408} = {09591E1A-7172-6F0C-608E-0D7909442408}
		{F6861093-DD11-35D6-1056-900EAE285AF9} = {F6861093-DD11-35D6-1056-900EAE285AF9}
	EndProjectSection
EndProject
Project("{8BC9CEB8-8B4A-11D0-8D11-00A0C91BC942}") = "build_start", "build_start\build_start.vcxproj", "{09591E1A-7172-6F0C-608E-0D7909442408}"
EndProject
Project("{8BC9CEB8-8B4A-11D0-8D11-00A0C91BC942}") = "build_finish", "build_finish\build_finish.vcxproj", "{A7E4133F-73CF-B3CA-446D-D2CC1C8E5116}"
	ProjectSection(ProjectDependencies) = postProject
		{152C1AD1-4D94-4730-964A-F38A5A516801} = {152C1AD1-4D94-4730-964A-F38A5A516801}
		{3BA5617B-5955-4223-B9BA-5DD0481A1DEF} = {3BA5617B-5955-4223-B9BA-5DD0481A1DEF}
		{6EF0150D-44A9-44D8-9DE7-16D31946CD89} = {6EF0150D-44A9-44D8-9DE7-16D31946CD89}
		{802ACFDC-E684-4256-A4D4-E36C16F29CF3} = {802ACFDC-E684-4256-A4D4-E36C16F29CF3}
		{DD91D495-B38D-4967-87A5-844A1BBF648E} = {DD91D495-B38D-4967-87A5-844A1BBF648E}
		{F6861093-DD11-35D6-1056-900EAE285AF9} = {F6861093-DD11-35D6-1056-900EAE285AF9}
	EndProjectSection
EndProject
Project("{8BC9CEB8-8B4A-11D0-8D11-00A0C91BC942}") = "start_vm", "start_vm\start_vm.vcxproj", "{6B80237B-80CD-AC3C-01CC-FD24E0DE9261}"
	ProjectSection(ProjectDependencies) = postProject
		{09591E1A-7172-6F0C-608E-0D7909442408} = {09591E1A-7172-6F0C-608E-0D7909442408}
		{152C1AD1-4D94-4730-964A-F38A5A516801} = {152C1AD1-4D94-4730-964A-F38A5A516801}
		{3BA5617B-5955-4223-B9BA-5DD0481A1DEF} = {3BA5617B-5955-4223-B9BA-5DD0481A1DEF}
		{6EF0150D-44A9-44D8-9DE7-16D31946CD89} = {6EF0150D-44A9-44D8-9DE7-16D31946CD89}
		{802ACFDC-E684-4256-A4D4-E36C16F29CF3} = {802ACFDC-E684-4256-A4D4-E36C16F29CF3}
		{A7E4133F-73CF-B3CA-446D-D2CC1C8E5116} = {A7E4133F-73CF-B3CA-446D-D2CC1C8E5116}
		{DD91D495-B38D-4967-87A5-844A1BBF648E} = {DD91D495-B38D-4967-87A5-844A1BBF648E}
		{F6861093-DD11-35D6-1056-900EAE285AF9} = {F6861093-DD11-35D6-1056-900EAE285AF9}
	EndProjectSection
EndProject
Global
	GlobalSection(SolutionConfigurationPlatforms) = preSolution
		Release|x64 = Release|x64
	EndGlobalSection
	GlobalSection(ProjectConfigurationPlatforms) = postSolution
		{3BA5617B-5955-4223-B9BA-5DD0481A1DEF}.Release|x64.ActiveCfg = Release|x64
		{3BA5617B-5955-4223-B9BA-5DD0481A1DEF}.Release|x64.Build.0 = Release|x64
		{6EF0150D-44A9-44D8-9DE7-16D31946CD89}.Release|x64.ActiveCfg = Release|x64
		{6EF0150D-44A9-44D8-9DE7-16D31946CD89}.Release|x64.Build.0 = Release|x64
		{802ACFDC-E684-4256-A4D4-E36C16F29CF3}.Release|x64.ActiveCfg = Release|x64
		{802ACFDC-E684-4256-A4D4-E36C16F29CF3}.Release|x64.Build.0 = Release|x64
		{DD91D495-B38D-4967-87A5-844A1BBF648E}.Release|x64.ActiveCfg = Release|x64
		{DD91D495-B38D-4967-87A5-844A1BBF648E}.Release|x64.Build.0 = Release|x64
		{152C1AD1-4D94-4730-964A-F38A5A516801}.Release|x64.ActiveCfg = Release|x64
		{152C1AD1-4D94-4730-964A-F38A5A516801}.Release|x64.Build.0 = Release|x64
		{F6861093-DD11-35D6-1056-900EAE285AF9}.Release|x64.ActiveCfg = Release|x64
		{F6861093-DD11-35D6-1056-900EAE285AF9}.Release|x64.Build.0 = Release|x64
		{09591E1A-7172-6F0C-608E-0D7909442408}.Release|x64.ActiveCfg = Release|x64
		{09591E1A-7172-6F0C-608E-0D7909442408}.Release|x64.Build.0 = Release|x64
		{A7E4133F-73CF-B3CA-446D-D2CC1C8E5116}.Release|x64.ActiveCfg = Release|x64
		{A7E4133F-73CF-B3CA-446D-D2CC1C8E5116}.Release|x64.Build.0 = Release|x64
		{6B80237B-80CD-AC3C-01CC-FD24E0DE9261}.Release|x64.ActiveCfg = Release|x64
		{6B80237B-80CD-AC3C-01CC-FD24E0DE9261}.Release|x64.Build.0 = Release|x64
	EndGlobalSection
	GlobalSection(SolutionProperties) = preSolution
		HideSolutionNode = FALSE
	EndGlobalSection
EndGlobal
